
Microsoft Visual Studio Solution File, Format Version 12.00
# Visual Studio Version 17
VisualStudioVersion = 17.9.34728.123
MinimumVisualStudioVersion = 10.0.40219.1
Project("{FAE04EC0-301F-11D3-BF4B-00C04F79EFBC}") = "Restaurant Menu System", "Restaurant Menu System\Restaurant Menu System.csproj", "{D3749623-948E-4232-9D05-62E6C00944A6}"
EndProject
Global
	GlobalSection(SolutionConfigurationPlatforms) = preSolution
		Debug|Any CPU = Debug|Any CPU
		Release|Any CPU = Release|Any CPU
	EndGlobalSection
	GlobalSection(ProjectConfigurationPlatforms) = postSolution
		{D3749623-948E-4232-9D05-62E6C00944A6}.Debug|Any CPU.ActiveCfg = Debug|Any CPU
		{D3749623-948E-4232-9D05-62E6C00944A6}.Debug|Any CPU.Build.0 = Debug|Any CPU
		{D3749623-948E-4232-9D05-62E6C00944A6}.Release|Any CPU.ActiveCfg = Release|Any CPU
		{D3749623-948E-4232-9D05-62E6C00944A6}.Release|Any CPU.Build.0 = Release|Any CPU
	EndGlobalSection
	GlobalSection(SolutionProperties) = preSolution
		HideSolutionNode = FALSE
	EndGlobalSection
	GlobalSection(ExtensibilityGlobals) = postSolution
		SolutionGuid = {8C310BDD-43EC-401A-BAB1-D26D444BDE9A}
	EndGlobalSection
EndGlobal
